
Microsoft Visual Studio Solution File, Format Version 12.00
# Visual Studio Version 16
VisualStudioVersion = 16.0.32002.261
MinimumVisualStudioVersion = 10.0.40219.1
Project("{FAE04EC0-301F-11D3-BF4B-00C04F79EFBC}") = "AssetManagement", "AssetManagement\AssetManagement.csproj", "{8AB2D465-7EC4-46A3-800C-75C01EA014F6}"
EndProject
Global
	GlobalSection(SolutionConfigurationPlatforms) = preSolution
		Debug|Any CPU = Debug|Any CPU
		Release|Any CPU = Release|Any CPU
	EndGlobalSection
	GlobalSection(ProjectConfigurationPlatforms) = postSolution
		{8AB2D465-7EC4-46A3-800C-75C01EA014F6}.Debug|Any CPU.ActiveCfg = Debug|Any CPU
		{8AB2D465-7EC4-46A3-800C-75C01EA014F6}.Debug|Any CPU.Build.0 = Debug|Any CPU
		{8AB2D465-7EC4-46A3-800C-75C01EA014F6}.Release|Any CPU.ActiveCfg = Release|Any CPU
		{8AB2D465-7EC4-46A3-800C-75C01EA014F6}.Release|Any CPU.Build.0 = Release|Any CPU
	EndGlobalSection
	GlobalSection(SolutionProperties) = preSolution
		HideSolutionNode = FALSE
	EndGlobalSection
	GlobalSection(ExtensibilityGlobals) = postSolution
		SolutionGuid = {BF6535DB-A436-4E87-A877-E9D6FB824FF0}
	EndGlobalSection
EndGlobal
